
Microsoft Visual Studio Solution File, Format Version 12.00
# Visual Studio Version 17
VisualStudioVersion = 17.5.002.0
MinimumVisualStudioVersion = 10.0.40219.1
Project("{9A19103F-16F7-4668-BE54-9A1E7A4F7556}") = "Aula6", "Aula6.csproj", "{D8380BC6-53A4-4201-80C2-9AF3ACAA197A}"
EndProject
Global
	GlobalSection(SolutionConfigurationPlatforms) = preSolution
		Debug|Any CPU = Debug|Any CPU
		Release|Any CPU = Release|Any CPU
	EndGlobalSection
	GlobalSection(ProjectConfigurationPlatforms) = postSolution
		{D8380BC6-53A4-4201-80C2-9AF3ACAA197A}.Debug|Any CPU.ActiveCfg = Debug|Any CPU
		{D8380BC6-53A4-4201-80C2-9AF3ACAA197A}.Debug|Any CPU.Build.0 = Debug|Any CPU
		{D8380BC6-53A4-4201-80C2-9AF3ACAA197A}.Release|Any CPU.ActiveCfg = Release|Any CPU
		{D8380BC6-53A4-4201-80C2-9AF3ACAA197A}.Release|Any CPU.Build.0 = Release|Any CPU
	EndGlobalSection
	GlobalSection(SolutionProperties) = preSolution
		HideSolutionNode = FALSE
	EndGlobalSection
	GlobalSection(ExtensibilityGlobals) = postSolution
		SolutionGuid = {4E464163-CF8A-4141-952B-5220141A187F}
	EndGlobalSection
EndGlobal
