
Microsoft Visual Studio Solution File, Format Version 12.00
# Visual Studio Version 17
VisualStudioVersion = 17.8.34525.116
MinimumVisualStudioVersion = 10.0.40219.1
Project("{FAE04EC0-301F-11D3-BF4B-00C04F79EFBC}") = "Aula6", "Aula6\Aula6.csproj", "{3731CD2A-1151-4D31-A093-61BAB52D958F}"
EndProject
Global
	GlobalSection(SolutionConfigurationPlatforms) = preSolution
		Debug|Any CPU = Debug|Any CPU
		Release|Any CPU = Release|Any CPU
	EndGlobalSection
	GlobalSection(ProjectConfigurationPlatforms) = postSolution
		{3731CD2A-1151-4D31-A093-61BAB52D958F}.Debug|Any CPU.ActiveCfg = Debug|Any CPU
		{3731CD2A-1151-4D31-A093-61BAB52D958F}.Debug|Any CPU.Build.0 = Debug|Any CPU
		{3731CD2A-1151-4D31-A093-61BAB52D958F}.Release|Any CPU.ActiveCfg = Release|Any CPU
		{3731CD2A-1151-4D31-A093-61BAB52D958F}.Release|Any CPU.Build.0 = Release|Any CPU
	EndGlobalSection
	GlobalSection(SolutionProperties) = preSolution
		HideSolutionNode = FALSE
	EndGlobalSection
	GlobalSection(ExtensibilityGlobals) = postSolution
		SolutionGuid = {44B44D9B-C56D-423D-8C68-7CF6E1D83B39}
	EndGlobalSection
EndGlobal
